
Microsoft Visual Studio Solution File, Format Version 12.00
# Visual Studio Version 17
VisualStudioVersion = 17.6.33829.357
MinimumVisualStudioVersion = 10.0.40219.1
Project("{9A19103F-16F7-4668-BE54-9A1E7A4F7556}") = "Dispatcher", "Dispatcher\Dispatcher.csproj", "{711132CB-1374-4D25-8F94-054A296E2D79}"
EndProject
Global
	GlobalSection(SolutionConfigurationPlatforms) = preSolution
		Debug|Any CPU = Debug|Any CPU
		Release|Any CPU = Release|Any CPU
	EndGlobalSection
	GlobalSection(ProjectConfigurationPlatforms) = postSolution
		{711132CB-1374-4D25-8F94-054A296E2D79}.Debug|Any CPU.ActiveCfg = Debug|Any CPU
		{711132CB-1374-4D25-8F94-054A296E2D79}.Debug|Any CPU.Build.0 = Debug|Any CPU
		{711132CB-1374-4D25-8F94-054A296E2D79}.Release|Any CPU.ActiveCfg = Release|Any CPU
		{711132CB-1374-4D25-8F94-054A296E2D79}.Release|Any CPU.Build.0 = Release|Any CPU
	EndGlobalSection
	GlobalSection(SolutionProperties) = preSolution
		HideSolutionNode = FALSE
	EndGlobalSection
	GlobalSection(ExtensibilityGlobals) = postSolution
		SolutionGuid = {D2F9D4A5-DCEE-49F2-BCB3-0B9DCA539DFC}
	EndGlobalSection
EndGlobal
